// !$*UTF8*$!
{
	archiveVersion = 1;
	classes = {
	};
	objectVersion = 77;
	objects = {

/* Begin PBXBuildFile section */
		EF8949AB2F01D85B00E4308C /* TVServices.framework in Frameworks */ = {isa = PBXBuildFile; fileRef = EF8949AA2F01D85B00E4308C /* TVServices.framework */; };
		EF8949B22F01D85B00E4308C /* Gallery Shelf.appex in Embed Foundation Extensions */ = {isa = PBXBuildFile; fileRef = EF8949A82F01D85A00E4308C /* Gallery Shelf.appex */; settings = {ATTRIBUTES = (RemoveHeadersOnCopy, ); }; };
/* End PBXBuildFile section */

/* Begin PBXContainerItemProxy section */
		EF89497E2F01CC9F00E4308C /* PBXContainerItemProxy */ = {
			isa = PBXContainerItemProxy;
			containerPortal = EF8949662F01CC9D00E4308C /* Project object */;
			proxyType = 1;
			remoteGlobalIDString = EF89496D2F01CC9D00E4308C;
			remoteInfo = "Gallery Glow";
		};
		EF8949882F01CC9F00E4308C /* PBXContainerItemProxy */ = {
			isa = PBXContainerItemProxy;
			containerPortal = EF8949662F01CC9D00E4308C /* Project object */;
			proxyType = 1;
			remoteGlobalIDString = EF89496D2F01CC9D00E4308C;
			remoteInfo = "Gallery Glow";
		};
		EF8949B02F01D85B00E4308C /* PBXContainerItemProxy */ = {
			isa = PBXContainerItemProxy;
			containerPortal = EF8949662F01CC9D00E4308C /* Project object */;
			proxyType = 1;
			remoteGlobalIDString = EF8949A72F01D85A00E4308C;
			remoteInfo = "Gallery Shelf";
		};
/* End PBXContainerItemProxy section */

/* Begin PBXCopyFilesBuildPhase section */
		EF8949B72F01D85B00E4308C /* Embed Foundation Extensions */ = {
			isa = PBXCopyFilesBuildPhase;
			buildActionMask = 2147483647;
			dstPath = "";
			dstSubfolderSpec = 13;
			files = (
				EF8949B22F01D85B00E4308C /* Gallery Shelf.appex in Embed Foundation Extensions */,
			);
			name = "Embed Foundation Extensions";
			runOnlyForDeploymentPostprocessing = 0;
		};
/* End PBXCopyFilesBuildPhase section */

/* Begin PBXFileReference section */
		EF89496E2F01CC9D00E4308C /* Gallery Glow.app */ = {isa = PBXFileReference; explicitFileType = wrapper.application; includeInIndex = 0; path = "Gallery Glow.app"; sourceTree = BUILT_PRODUCTS_DIR; };
		EF89497D2F01CC9F00E4308C /* Gallery GlowTests.xctest */ = {isa = PBXFileReference; explicitFileType = wrapper.cfbundle; includeInIndex = 0; path = "Gallery GlowTests.xctest"; sourceTree = BUILT_PRODUCTS_DIR; };
		EF8949872F01CC9F00E4308C /* Gallery GlowUITests.xctest */ = {isa = PBXFileReference; explicitFileType = wrapper.cfbundle; includeInIndex = 0; path = "Gallery GlowUITests.xctest"; sourceTree = BUILT_PRODUCTS_DIR; };
		EF8949A82F01D85A00E4308C /* Gallery Shelf.appex */ = {isa = PBXFileReference; explicitFileType = "wrapper.app-extension"; includeInIndex = 0; path = "Gallery Shelf.appex"; sourceTree = BUILT_PRODUCTS_DIR; };
		EF8949AA2F01D85B00E4308C /* TVServices.framework */ = {isa = PBXFileReference; lastKnownFileType = wrapper.framework; name = TVServices.framework; path = System/Library/Frameworks/TVServices.framework; sourceTree = SDKROOT; };
/* End PBXFileReference section */

/* Begin PBXFileSystemSynchronizedBuildFileExceptionSet section */
		EF8949B32F01D85B00E4308C /* Exceptions for "Gallery Shelf" folder in "Gallery Shelf" target */ = {
			isa = PBXFileSystemSynchronizedBuildFileExceptionSet;
			membershipExceptions = (
				Info.plist,
			);
			target = EF8949A72F01D85A00E4308C /* Gallery Shelf */;
		};
		EF8949B92F01E67D00E4308C /* Exceptions for "Gallery Glow" folder in "Gallery Shelf" target */ = {
			isa = PBXFileSystemSynchronizedBuildFileExceptionSet;
			membershipExceptions = (
				Assets.xcassets,
			);
			target = EF8949A72F01D85A00E4308C /* Gallery Shelf */;
		};
		EF8949BD2F01E90400E4308C /* Exceptions for "Gallery Glow" folder in "Gallery Glow" target */ = {
			isa = PBXFileSystemSynchronizedBuildFileExceptionSet;
			membershipExceptions = (
				"Gallery-Glow-Info.plist",
			);
			target = EF89496D2F01CC9D00E4308C /* Gallery Glow */;
		};
/* End PBXFileSystemSynchronizedBuildFileExceptionSet section */

/* Begin PBXFileSystemSynchronizedRootGroup section */
		EF8949702F01CC9D00E4308C /* Gallery Glow */ = {
			isa = PBXFileSystemSynchronizedRootGroup;
			exceptions = (
				EF8949BD2F01E90400E4308C /* Exceptions for "Gallery Glow" folder in "Gallery Glow" target */,
				EF8949B92F01E67D00E4308C /* Exceptions for "Gallery Glow" folder in "Gallery Shelf" target */,
			);
			path = "Gallery Glow";
			sourceTree = "<group>";
		};
		EF8949802F01CC9F00E4308C /* Gallery GlowTests */ = {
			isa = PBXFileSystemSynchronizedRootGroup;
			path = "Gallery GlowTests";
			sourceTree = "<group>";
		};
		EF89498A2F01CC9F00E4308C /* Gallery GlowUITests */ = {
			isa = PBXFileSystemSynchronizedRootGroup;
			path = "Gallery GlowUITests";
			sourceTree = "<group>";
		};
		EF8949AC2F01D85B00E4308C /* Gallery Shelf */ = {
			isa = PBXFileSystemSynchronizedRootGroup;
			exceptions = (
				EF8949B32F01D85B00E4308C /* Exceptions for "Gallery Shelf" folder in "Gallery Shelf" target */,
			);
			path = "Gallery Shelf";
			sourceTree = "<group>";
		};
/* End PBXFileSystemSynchronizedRootGroup section */

/* Begin PBXFrameworksBuildPhase section */
		EF89496B2F01CC9D00E4308C /* Frameworks */ = {
			isa = PBXFrameworksBuildPhase;
			buildActionMask = 2147483647;
			files = (
			);
			runOnlyForDeploymentPostprocessing = 0;
		};
		EF89497A2F01CC9F00E4308C /* Frameworks */ = {
			isa = PBXFrameworksBuildPhase;
			buildActionMask = 2147483647;
			files = (
			);
			runOnlyForDeploymentPostprocessing = 0;
		};
		EF8949842F01CC9F00E4308C /* Frameworks */ = {
			isa = PBXFrameworksBuildPhase;
			buildActionMask = 2147483647;
			files = (
			);
			runOnlyForDeploymentPostprocessing = 0;
		};
		EF8949A52F01D85A00E4308C /* Frameworks */ = {
			isa = PBXFrameworksBuildPhase;
			buildActionMask = 2147483647;
			files = (
				EF8949AB2F01D85B00E4308C /* TVServices.framework in Frameworks */,
			);
			runOnlyForDeploymentPostprocessing = 0;
		};
/* End PBXFrameworksBuildPhase section */

/* Begin PBXGroup section */
		EF8949652F01CC9D00E4308C = {
			isa = PBXGroup;
			children = (
				EF8949702F01CC9D00E4308C /* Gallery Glow */,
				EF8949802F01CC9F00E4308C /* Gallery GlowTests */,
				EF89498A2F01CC9F00E4308C /* Gallery GlowUITests */,
				EF8949AC2F01D85B00E4308C /* Gallery Shelf */,
				EF8949A92F01D85B00E4308C /* Frameworks */,
				EF89496F2F01CC9D00E4308C /* Products */,
			);
			sourceTree = "<group>";
		};
		EF89496F2F01CC9D00E4308C /* Products */ = {
			isa = PBXGroup;
			children = (
				EF89496E2F01CC9D00E4308C /* Gallery Glow.app */,
				EF89497D2F01CC9F00E4308C /* Gallery GlowTests.xctest */,
				EF8949872F01CC9F00E4308C /* Gallery GlowUITests.xctest */,
				EF8949A82F01D85A00E4308C /* Gallery Shelf.appex */,
			);
			name = Products;
			sourceTree = "<group>";
		};
		EF8949A92F01D85B00E4308C /* Frameworks */ = {
			isa = PBXGroup;
			children = (
				EF8949AA2F01D85B00E4308C /* TVServices.framework */,
			);
			name = Frameworks;
			sourceTree = "<group>";
		};
/* End PBXGroup section */

/* Begin PBXNativeTarget section */
		EF89496D2F01CC9D00E4308C /* Gallery Glow */ = {
			isa = PBXNativeTarget;
			buildConfigurationList = EF8949912F01CC9F00E4308C /* Build configuration list for PBXNativeTarget "Gallery Glow" */;
			buildPhases = (
				EF89496A2F01CC9D00E4308C /* Sources */,
				EF89496B2F01CC9D00E4308C /* Frameworks */,
				EF89496C2F01CC9D00E4308C /* Resources */,
				EF8949B72F01D85B00E4308C /* Embed Foundation Extensions */,
			);
			buildRules = (
			);
			dependencies = (
				EF8949B12F01D85B00E4308C /* PBXTargetDependency */,
			);
			fileSystemSynchronizedGroups = (
				EF8949702F01CC9D00E4308C /* Gallery Glow */,
			);
			name = "Gallery Glow";
			packageProductDependencies = (
			);
			productName = "Gallery Glow";
			productReference = EF89496E2F01CC9D00E4308C /* Gallery Glow.app */;
			productType = "com.apple.product-type.application";
		};
		EF89497C2F01CC9F00E4308C /* Gallery GlowTests */ = {
			isa = PBXNativeTarget;
			buildConfigurationList = EF8949942F01CC9F00E4308C /* Build configuration list for PBXNativeTarget "Gallery GlowTests" */;
			buildPhases = (
				EF8949792F01CC9F00E4308C /* Sources */,
				EF89497A2F01CC9F00E4308C /* Frameworks */,
				EF89497B2F01CC9F00E4308C /* Resources */,
			);
			buildRules = (
			);
			dependencies = (
				EF89497F2F01CC9F00E4308C /* PBXTargetDependency */,
			);
			fileSystemSynchronizedGroups = (
				EF8949802F01CC9F00E4308C /* Gallery GlowTests */,
			);
			name = "Gallery GlowTests";
			packageProductDependencies = (
			);
			productName = "Gallery GlowTests";
			productReference = EF89497D2F01CC9F00E4308C /* Gallery GlowTests.xctest */;
			productType = "com.apple.product-type.bundle.unit-test";
		};
		EF8949862F01CC9F00E4308C /* Gallery GlowUITests */ = {
			isa = PBXNativeTarget;
			buildConfigurationList = EF8949972F01CC9F00E4308C /* Build configuration list for PBXNativeTarget "Gallery GlowUITests" */;
			buildPhases = (
				EF8949832F01CC9F00E4308C /* Sources */,
				EF8949842F01CC9F00E4308C /* Frameworks */,
				EF8949852F01CC9F00E4308C /* Resources */,
			);
			buildRules = (
			);
			dependencies = (
				EF8949892F01CC9F00E4308C /* PBXTargetDependency */,
			);
			fileSystemSynchronizedGroups = (
				EF89498A2F01CC9F00E4308C /* Gallery GlowUITests */,
			);
			name = "Gallery GlowUITests";
			packageProductDependencies = (
			);
			productName = "Gallery GlowUITests";
			productReference = EF8949872F01CC9F00E4308C /* Gallery GlowUITests.xctest */;
			productType = "com.apple.product-type.bundle.ui-testing";
		};
		EF8949A72F01D85A00E4308C /* Gallery Shelf */ = {
			isa = PBXNativeTarget;
			buildConfigurationList = EF8949B42F01D85B00E4308C /* Build configuration list for PBXNativeTarget "Gallery Shelf" */;
			buildPhases = (
				EF8949A42F01D85A00E4308C /* Sources */,
				EF8949A52F01D85A00E4308C /* Frameworks */,
				EF8949A62F01D85A00E4308C /* Resources */,
			);
			buildRules = (
			);
			dependencies = (
			);
			fileSystemSynchronizedGroups = (
				EF8949AC2F01D85B00E4308C /* Gallery Shelf */,
			);
			name = "Gallery Shelf";
			packageProductDependencies = (
			);
			productName = "Gallery Shelf";
			productReference = EF8949A82F01D85A00E4308C /* Gallery Shelf.appex */;
			productType = "com.apple.product-type.app-extension";
		};
/* End PBXNativeTarget section */

/* Begin PBXProject section */
		EF8949662F01CC9D00E4308C /* Project object */ = {
			isa = PBXProject;
			attributes = {
				BuildIndependentTargetsInParallel = 1;
				LastSwiftUpdateCheck = 2620;
				LastUpgradeCheck = 2620;
				TargetAttributes = {
					EF89496D2F01CC9D00E4308C = {
						CreatedOnToolsVersion = 26.2;
					};
					EF89497C2F01CC9F00E4308C = {
						CreatedOnToolsVersion = 26.2;
						TestTargetID = EF89496D2F01CC9D00E4308C;
					};
					EF8949862F01CC9F00E4308C = {
						CreatedOnToolsVersion = 26.2;
						TestTargetID = EF89496D2F01CC9D00E4308C;
					};
					EF8949A72F01D85A00E4308C = {
						CreatedOnToolsVersion = 26.2;
					};
				};
			};
			buildConfigurationList = EF8949692F01CC9D00E4308C /* Build configuration list for PBXProject "Gallery Glow" */;
			developmentRegion = en;
			hasScannedForEncodings = 0;
			knownRegions = (
				en,
				Base,
			);
			mainGroup = EF8949652F01CC9D00E4308C;
			minimizedProjectReferenceProxies = 1;
			preferredProjectObjectVersion = 77;
			productRefGroup = EF89496F2F01CC9D00E4308C /* Products */;
			projectDirPath = "";
			projectRoot = "";
			targets = (
				EF89496D2F01CC9D00E4308C /* Gallery Glow */,
				EF89497C2F01CC9F00E4308C /* Gallery GlowTests */,
				EF8949862F01CC9F00E4308C /* Gallery GlowUITests */,
				EF8949A72F01D85A00E4308C /* Gallery Shelf */,
			);
		};
/* End PBXProject section */

/* Begin PBXResourcesBuildPhase section */
		EF89496C2F01CC9D00E4308C /* Resources */ = {
			isa = PBXResourcesBuildPhase;
			buildActionMask = 2147483647;
			files = (
			);
			runOnlyForDeploymentPostprocessing = 0;
		};
		EF89497B2F01CC9F00E4308C /* Resources */ = {
			isa = PBXResourcesBuildPhase;
			buildActionMask = 2147483647;
			files = (
			);
			runOnlyForDeploymentPostprocessing = 0;
		};
		EF8949852F01CC9F00E4308C /* Resources */ = {
			isa = PBXResourcesBuildPhase;
			buildActionMask = 2147483647;
			files = (
			);
			runOnlyForDeploymentPostprocessing = 0;
		};
		EF8949A62F01D85A00E4308C /* Resources */ = {
			isa = PBXResourcesBuildPhase;
			buildActionMask = 2147483647;
			files = (
			);
			runOnlyForDeploymentPostprocessing = 0;
		};
/* End PBXResourcesBuildPhase section */

/* Begin PBXSourcesBuildPhase section */
		EF89496A2F01CC9D00E4308C /* Sources */ = {
			isa = PBXSourcesBuildPhase;
			buildActionMask = 2147483647;
			files = (
			);
			runOnlyForDeploymentPostprocessing = 0;
		};
		EF8949792F01CC9F00E4308C /* Sources */ = {
			isa = PBXSourcesBuildPhase;
			buildActionMask = 2147483647;
			files = (
			);
			runOnlyForDeploymentPostprocessing = 0;
		};
		EF8949832F01CC9F00E4308C /* Sources */ = {
			isa = PBXSourcesBuildPhase;
			buildActionMask = 2147483647;
			files = (
			);
			runOnlyForDeploymentPostprocessing = 0;
		};
		EF8949A42F01D85A00E4308C /* Sources */ = {
			isa = PBXSourcesBuildPhase;
			buildActionMask = 2147483647;
			files = (
			);
			runOnlyForDeploymentPostprocessing = 0;
		};
/* End PBXSourcesBuildPhase section */

/* Begin PBXTargetDependency section */
		EF89497F2F01CC9F00E4308C /* PBXTargetDependency */ = {
			isa = PBXTargetDependency;
			target = EF89496D2F01CC9D00E4308C /* Gallery Glow */;
			targetProxy = EF89497E2F01CC9F00E4308C /* PBXContainerItemProxy */;
		};
		EF8949892F01CC9F00E4308C /* PBXTargetDependency */ = {
			isa = PBXTargetDependency;
			target = EF89496D2F01CC9D00E4308C /* Gallery Glow */;
			targetProxy = EF8949882F01CC9F00E4308C /* PBXContainerItemProxy */;
		};
		EF8949B12F01D85B00E4308C /* PBXTargetDependency */ = {
			isa = PBXTargetDependency;
			target = EF8949A72F01D85A00E4308C /* Gallery Shelf */;
			targetProxy = EF8949B02F01D85B00E4308C /* PBXContainerItemProxy */;
		};
/* End PBXTargetDependency section */

/* Begin XCBuildConfiguration section */
		EF89498F2F01CC9F00E4308C /* Debug */ = {
			isa = XCBuildConfiguration;
			buildSettings = {
				ALWAYS_SEARCH_USER_PATHS = NO;
				ASSETCATALOG_COMPILER_GENERATE_SWIFT_ASSET_SYMBOL_EXTENSIONS = YES;
				CLANG_ANALYZER_NONNULL = YES;
				CLANG_ANALYZER_NUMBER_OBJECT_CONVERSION = YES_AGGRESSIVE;
				CLANG_CXX_LANGUAGE_STANDARD = "gnu++20";
				CLANG_ENABLE_MODULES = YES;
				CLANG_ENABLE_OBJC_ARC = YES;
				CLANG_ENABLE_OBJC_WEAK = YES;
				CLANG_WARN_BLOCK_CAPTURE_AUTORELEASING = YES;
				CLANG_WARN_BOOL_CONVERSION = YES;
				CLANG_WARN_COMMA = YES;
				CLANG_WARN_CONSTANT_CONVERSION = YES;
				CLANG_WARN_DEPRECATED_OBJC_IMPLEMENTATIONS = YES;
				CLANG_WARN_DIRECT_OBJC_ISA_USAGE = YES_ERROR;
				CLANG_WARN_DOCUMENTATION_COMMENTS = YES;
				CLANG_WARN_EMPTY_BODY = YES;
				CLANG_WARN_ENUM_CONVERSION = YES;
				CLANG_WARN_INFINITE_RECURSION = YES;
				CLANG_WARN_INT_CONVERSION = YES;
				CLANG_WARN_NON_LITERAL_NULL_CONVERSION = YES;
				CLANG_WARN_OBJC_IMPLICIT_RETAIN_SELF = YES;
				CLANG_WARN_OBJC_LITERAL_CONVERSION = YES;
				CLANG_WARN_OBJC_ROOT_CLASS = YES_ERROR;
				CLANG_WARN_QUOTED_INCLUDE_IN_FRAMEWORK_HEADER = YES;
				CLANG_WARN_RANGE_LOOP_ANALYSIS = YES;
				CLANG_WARN_STRICT_PROTOTYPES = YES;
				CLANG_WARN_SUSPICIOUS_MOVE = YES;
				CLANG_WARN_UNGUARDED_AVAILABILITY = YES_AGGRESSIVE;
				CLANG_WARN_UNREACHABLE_CODE = YES;
				CLANG_WARN__DUPLICATE_METHOD_MATCH = YES;
				COPY_PHASE_STRIP = NO;
				DEBUG_INFORMATION_FORMAT = dwarf;
				ENABLE_STRICT_OBJC_MSGSEND = YES;
				ENABLE_TESTABILITY = YES;
				ENABLE_USER_SCRIPT_SANDBOXING = YES;
				GCC_C_LANGUAGE_STANDARD = gnu17;
				GCC_DYNAMIC_NO_PIC = NO;
				GCC_NO_COMMON_BLOCKS = YES;
				GCC_OPTIMIZATION_LEVEL = 0;
				GCC_PREPROCESSOR_DEFINITIONS = (
					"DEBUG=1",
					"$(inherited)",
				);
				GCC_WARN_64_TO_32_BIT_CONVERSION = YES;
				GCC_WARN_ABOUT_RETURN_TYPE = YES_ERROR;
				GCC_WARN_UNDECLARED_SELECTOR = YES;
				GCC_WARN_UNINITIALIZED_AUTOS = YES_AGGRESSIVE;
				GCC_WARN_UNUSED_FUNCTION = YES;
				GCC_WARN_UNUSED_VARIABLE = YES;
				LOCALIZATION_PREFERS_STRING_CATALOGS = YES;
				MTL_ENABLE_DEBUG_INFO = INCLUDE_SOURCE;
				MTL_FAST_MATH = YES;
				ONLY_ACTIVE_ARCH = YES;
				SDKROOT = appletvos;
				SWIFT_ACTIVE_COMPILATION_CONDITIONS = "DEBUG $(inherited)";
				SWIFT_OPTIMIZATION_LEVEL = "-Onone";
				TVOS_DEPLOYMENT_TARGET = 26.2;
			};
			name = Debug;
		};
		EF8949902F01CC9F00E4308C /* Release */ = {
			isa = XCBuildConfiguration;
			buildSettings = {
				ALWAYS_SEARCH_USER_PATHS = NO;
				ASSETCATALOG_COMPILER_GENERATE_SWIFT_ASSET_SYMBOL_EXTENSIONS = YES;
				CLANG_ANALYZER_NONNULL = YES;
				CLANG_ANALYZER_NUMBER_OBJECT_CONVERSION = YES_AGGRESSIVE;
				CLANG_CXX_LANGUAGE_STANDARD = "gnu++20";
				CLANG_ENABLE_MODULES = YES;
				CLANG_ENABLE_OBJC_ARC = YES;
				CLANG_ENABLE_OBJC_WEAK = YES;
				CLANG_WARN_BLOCK_CAPTURE_AUTORELEASING = YES;
				CLANG_WARN_BOOL_CONVERSION = YES;
				CLANG_WARN_COMMA = YES;
				CLANG_WARN_CONSTANT_CONVERSION = YES;
				CLANG_WARN_DEPRECATED_OBJC_IMPLEMENTATIONS = YES;
				CLANG_WARN_DIRECT_OBJC_ISA_USAGE = YES_ERROR;
				CLANG_WARN_DOCUMENTATION_COMMENTS = YES;
				CLANG_WARN_EMPTY_BODY = YES;
				CLANG_WARN_ENUM_CONVERSION = YES;
				CLANG_WARN_INFINITE_RECURSION = YES;
				CLANG_WARN_INT_CONVERSION = YES;
				CLANG_WARN_NON_LITERAL_NULL_CONVERSION = YES;
				CLANG_WARN_OBJC_IMPLICIT_RETAIN_SELF = YES;
				CLANG_WARN_OBJC_LITERAL_CONVERSION = YES;
				CLANG_WARN_OBJC_ROOT_CLASS = YES_ERROR;
				CLANG_WARN_QUOTED_INCLUDE_IN_FRAMEWORK_HEADER = YES;
				CLANG_WARN_RANGE_LOOP_ANALYSIS = YES;
				CLANG_WARN_STRICT_PROTOTYPES = YES;
				CLANG_WARN_SUSPICIOUS_MOVE = YES;
				CLANG_WARN_UNGUARDED_AVAILABILITY = YES_AGGRESSIVE;
				CLANG_WARN_UNREACHABLE_CODE = YES;
				CLANG_WARN__DUPLICATE_METHOD_MATCH = YES;
				COPY_PHASE_STRIP = NO;
				DEBUG_INFORMATION_FORMAT = "dwarf-with-dsym";
				ENABLE_NS_ASSERTIONS = NO;
				ENABLE_STRICT_OBJC_MSGSEND = YES;
				ENABLE_USER_SCRIPT_SANDBOXING = YES;
				GCC_C_LANGUAGE_STANDARD = gnu17;
				GCC_NO_COMMON_BLOCKS = YES;
				GCC_WARN_64_TO_32_BIT_CONVERSION = YES;
				GCC_WARN_ABOUT_RETURN_TYPE = YES_ERROR;
				GCC_WARN_UNDECLARED_SELECTOR = YES;
				GCC_WARN_UNINITIALIZED_AUTOS = YES_AGGRESSIVE;
				GCC_WARN_UNUSED_FUNCTION = YES;
				GCC_WARN_UNUSED_VARIABLE = YES;
				LOCALIZATION_PREFERS_STRING_CATALOGS = YES;
				MTL_ENABLE_DEBUG_INFO = NO;
				MTL_FAST_MATH = YES;
				SDKROOT = appletvos;
				SWIFT_COMPILATION_MODE = wholemodule;
				TVOS_DEPLOYMENT_TARGET = 26.2;
				VALIDATE_PRODUCT = YES;
			};
			name = Release;
		};
		EF8949922F01CC9F00E4308C /* Debug */ = {
			isa = XCBuildConfiguration;
			buildSettings = {
				ASSETCATALOG_COMPILER_APPICON_NAME = "App Icon & Top Shelf Image";
				ASSETCATALOG_COMPILER_GLOBAL_ACCENT_COLOR_NAME = AccentColor;
				CODE_SIGN_STYLE = Automatic;
				CURRENT_PROJECT_VERSION = 1;
				ENABLE_PREVIEWS = YES;
				GENERATE_INFOPLIST_FILE = YES;
				INFOPLIST_FILE = "Gallery-Glow-Info.plist";
				INFOPLIST_KEY_UILaunchScreen_Generation = YES;
				INFOPLIST_KEY_UIUserInterfaceStyle = Automatic;
				LD_RUNPATH_SEARCH_PATHS = (
					"$(inherited)",
					"@executable_path/Frameworks",
				);
				MARKETING_VERSION = 1.0;
				PRODUCT_BUNDLE_IDENTIFIER = "Youssef.Gallery-Glow";
				PRODUCT_NAME = "$(TARGET_NAME)";
				STRING_CATALOG_GENERATE_SYMBOLS = YES;
				SWIFT_APPROACHABLE_CONCURRENCY = YES;
				SWIFT_DEFAULT_ACTOR_ISOLATION = MainActor;
				SWIFT_EMIT_LOC_STRINGS = YES;
				SWIFT_UPCOMING_FEATURE_MEMBER_IMPORT_VISIBILITY = YES;
				SWIFT_VERSION = 5.0;
				TARGETED_DEVICE_FAMILY = 3;
			};
			name = Debug;
		};
		EF8949932F01CC9F00E4308C /* Release */ = {
			isa = XCBuildConfiguration;
			buildSettings = {
				ASSETCATALOG_COMPILER_APPICON_NAME = "App Icon & Top Shelf Image";
				ASSETCATALOG_COMPILER_GLOBAL_ACCENT_COLOR_NAME = AccentColor;
				CODE_SIGN_STYLE = Automatic;
				CURRENT_PROJECT_VERSION = 1;
				ENABLE_PREVIEWS = YES;
				GENERATE_INFOPLIST_FILE = YES;
				INFOPLIST_FILE = "Gallery-Glow-Info.plist";
				INFOPLIST_KEY_UILaunchScreen_Generation = YES;
				INFOPLIST_KEY_UIUserInterfaceStyle = Automatic;
				LD_RUNPATH_SEARCH_PATHS = (
					"$(inherited)",
					"@executable_path/Frameworks",
				);
				MARKETING_VERSION = 1.0;
				PRODUCT_BUNDLE_IDENTIFIER = "Youssef.Gallery-Glow";
				PRODUCT_NAME = "$(TARGET_NAME)";
				STRING_CATALOG_GENERATE_SYMBOLS = YES;
				SWIFT_APPROACHABLE_CONCURRENCY = YES;
				SWIFT_DEFAULT_ACTOR_ISOLATION = MainActor;
				SWIFT_EMIT_LOC_STRINGS = YES;
				SWIFT_UPCOMING_FEATURE_MEMBER_IMPORT_VISIBILITY = YES;
				SWIFT_VERSION = 5.0;
				TARGETED_DEVICE_FAMILY = 3;
			};
			name = Release;
		};
		EF8949952F01CC9F00E4308C /* Debug */ = {
			isa = XCBuildConfiguration;
			buildSettings = {
				BUNDLE_LOADER = "$(TEST_HOST)";
				CODE_SIGN_STYLE = Automatic;
				CURRENT_PROJECT_VERSION = 1;
				GENERATE_INFOPLIST_FILE = YES;
				MARKETING_VERSION = 1.0;
				PRODUCT_BUNDLE_IDENTIFIER = "Youssef.Gallery-GlowTests";
				PRODUCT_NAME = "$(TARGET_NAME)";
				STRING_CATALOG_GENERATE_SYMBOLS = NO;
				SWIFT_APPROACHABLE_CONCURRENCY = YES;
				SWIFT_EMIT_LOC_STRINGS = NO;
				SWIFT_UPCOMING_FEATURE_MEMBER_IMPORT_VISIBILITY = YES;
				SWIFT_VERSION = 5.0;
				TARGETED_DEVICE_FAMILY = 3;
				TEST_HOST = "$(BUILT_PRODUCTS_DIR)/Gallery Glow.app/$(BUNDLE_EXECUTABLE_FOLDER_PATH)/Gallery Glow";
				TVOS_DEPLOYMENT_TARGET = 26.2;
			};
			name = Debug;
		};
		EF8949962F01CC9F00E4308C /* Release */ = {
			isa = XCBuildConfiguration;
			buildSettings = {
				BUNDLE_LOADER = "$(TEST_HOST)";
				CODE_SIGN_STYLE = Automatic;
				CURRENT_PROJECT_VERSION = 1;
				GENERATE_INFOPLIST_FILE = YES;
				MARKETING_VERSION = 1.0;
				PRODUCT_BUNDLE_IDENTIFIER = "Youssef.Gallery-GlowTests";
				PRODUCT_NAME = "$(TARGET_NAME)";
				STRING_CATALOG_GENERATE_SYMBOLS = NO;
				SWIFT_APPROACHABLE_CONCURRENCY = YES;
				SWIFT_EMIT_LOC_STRINGS = NO;
				SWIFT_UPCOMING_FEATURE_MEMBER_IMPORT_VISIBILITY = YES;
				SWIFT_VERSION = 5.0;
				TARGETED_DEVICE_FAMILY = 3;
				TEST_HOST = "$(BUILT_PRODUCTS_DIR)/Gallery Glow.app/$(BUNDLE_EXECUTABLE_FOLDER_PATH)/Gallery Glow";
				TVOS_DEPLOYMENT_TARGET = 26.2;
			};
			name = Release;
		};
		EF8949982F01CC9F00E4308C /* Debug */ = {
			isa = XCBuildConfiguration;
			buildSettings = {
				CODE_SIGN_STYLE = Automatic;
				CURRENT_PROJECT_VERSION = 1;
				GENERATE_INFOPLIST_FILE = YES;
				MARKETING_VERSION = 1.0;
				PRODUCT_BUNDLE_IDENTIFIER = "Youssef.Gallery-GlowUITests";
				PRODUCT_NAME = "$(TARGET_NAME)";
				STRING_CATALOG_GENERATE_SYMBOLS = NO;
				SWIFT_APPROACHABLE_CONCURRENCY = YES;
				SWIFT_EMIT_LOC_STRINGS = NO;
				SWIFT_UPCOMING_FEATURE_MEMBER_IMPORT_VISIBILITY = YES;
				SWIFT_VERSION = 5.0;
				TARGETED_DEVICE_FAMILY = 3;
				TEST_TARGET_NAME = "Gallery Glow";
			};
			name = Debug;
		};
		EF8949992F01CC9F00E4308C /* Release */ = {
			isa = XCBuildConfiguration;
			buildSettings = {
				CODE_SIGN_STYLE = Automatic;
				CURRENT_PROJECT_VERSION = 1;
				GENERATE_INFOPLIST_FILE = YES;
				MARKETING_VERSION = 1.0;
				PRODUCT_BUNDLE_IDENTIFIER = "Youssef.Gallery-GlowUITests";
				PRODUCT_NAME = "$(TARGET_NAME)";
				STRING_CATALOG_GENERATE_SYMBOLS = NO;
				SWIFT_APPROACHABLE_CONCURRENCY = YES;
				SWIFT_EMIT_LOC_STRINGS = NO;
				SWIFT_UPCOMING_FEATURE_MEMBER_IMPORT_VISIBILITY = YES;
				SWIFT_VERSION = 5.0;
				TARGETED_DEVICE_FAMILY = 3;
				TEST_TARGET_NAME = "Gallery Glow";
			};
			name = Release;
		};
		EF8949B52F01D85B00E4308C /* Debug */ = {
			isa = XCBuildConfiguration;
			buildSettings = {
				CODE_SIGN_STYLE = Automatic;
				CURRENT_PROJECT_VERSION = 1;
				GENERATE_INFOPLIST_FILE = YES;
				INFOPLIST_FILE = "Gallery Shelf/Info.plist";
				INFOPLIST_KEY_CFBundleDisplayName = "Gallery Shelf";
				INFOPLIST_KEY_NSHumanReadableCopyright = "";
				LD_RUNPATH_SEARCH_PATHS = (
					"$(inherited)",
					"@executable_path/Frameworks",
					"@executable_path/../../Frameworks",
				);
				MARKETING_VERSION = 1.0;
				PRODUCT_BUNDLE_IDENTIFIER = "Youssef.Gallery-Glow.Gallery-Shelf";
				PRODUCT_NAME = "$(TARGET_NAME)";
				SKIP_INSTALL = YES;
				STRING_CATALOG_GENERATE_SYMBOLS = YES;
				SWIFT_APPROACHABLE_CONCURRENCY = YES;
				SWIFT_EMIT_LOC_STRINGS = YES;
				SWIFT_UPCOMING_FEATURE_MEMBER_IMPORT_VISIBILITY = YES;
				SWIFT_VERSION = 5.0;
				TARGETED_DEVICE_FAMILY = 3;
			};
			name = Debug;
		};
		EF8949B62F01D85B00E4308C /* Release */ = {
			isa = XCBuildConfiguration;
			buildSettings = {
				CODE_SIGN_STYLE = Automatic;
				CURRENT_PROJECT_VERSION = 1;
				GENERATE_INFOPLIST_FILE = YES;
				INFOPLIST_FILE = "Gallery Shelf/Info.plist";
				INFOPLIST_KEY_CFBundleDisplayName = "Gallery Shelf";
				INFOPLIST_KEY_NSHumanReadableCopyright = "";
				LD_RUNPATH_SEARCH_PATHS = (
					"$(inherited)",
					"@executable_path/Frameworks",
					"@executable_path/../../Frameworks",
				);
				MARKETING_VERSION = 1.0;
				PRODUCT_BUNDLE_IDENTIFIER = "Youssef.Gallery-Glow.Gallery-Shelf";
				PRODUCT_NAME = "$(TARGET_NAME)";
				SKIP_INSTALL = YES;
				STRING_CATALOG_GENERATE_SYMBOLS = YES;
				SWIFT_APPROACHABLE_CONCURRENCY = YES;
				SWIFT_EMIT_LOC_STRINGS = YES;
				SWIFT_UPCOMING_FEATURE_MEMBER_IMPORT_VISIBILITY = YES;
				SWIFT_VERSION = 5.0;
				TARGETED_DEVICE_FAMILY = 3;
			};
			name = Release;
		};
/* End XCBuildConfiguration section */

/* Begin XCConfigurationList section */
		EF8949692F01CC9D00E4308C /* Build configuration list for PBXProject "Gallery Glow" */ = {
			isa = XCConfigurationList;
			buildConfigurations = (
				EF89498F2F01CC9F00E4308C /* Debug */,
				EF8949902F01CC9F00E4308C /* Release */,
			);
			defaultConfigurationIsVisible = 0;
			defaultConfigurationName = Release;
		};
		EF8949912F01CC9F00E4308C /* Build configuration list for PBXNativeTarget "Gallery Glow" */ = {
			isa = XCConfigurationList;
			buildConfigurations = (
				EF8949922F01CC9F00E4308C /* Debug */,
				EF8949932F01CC9F00E4308C /* Release */,
			);
			defaultConfigurationIsVisible = 0;
			defaultConfigurationName = Release;
		};
		EF8949942F01CC9F00E4308C /* Build configuration list for PBXNativeTarget "Gallery GlowTests" */ = {
			isa = XCConfigurationList;
			buildConfigurations = (
				EF8949952F01CC9F00E4308C /* Debug */,
				EF8949962F01CC9F00E4308C /* Release */,
			);
			defaultConfigurationIsVisible = 0;
			defaultConfigurationName = Release;
		};
		EF8949972F01CC9F00E4308C /* Build configuration list for PBXNativeTarget "Gallery GlowUITests" */ = {
			isa = XCConfigurationList;
			buildConfigurations = (
				EF8949982F01CC9F00E4308C /* Debug */,
				EF8949992F01CC9F00E4308C /* Release */,
			);
			defaultConfigurationIsVisible = 0;
			defaultConfigurationName = Release;
		};
		EF8949B42F01D85B00E4308C /* Build configuration list for PBXNativeTarget "Gallery Shelf" */ = {
			isa = XCConfigurationList;
			buildConfigurations = (
				EF8949B52F01D85B00E4308C /* Debug */,
				EF8949B62F01D85B00E4308C /* Release */,
			);
			defaultConfigurationIsVisible = 0;
			defaultConfigurationName = Release;
		};
/* End XCConfigurationList section */
	};
	rootObject = EF8949662F01CC9D00E4308C /* Project object */;
}
